
Microsoft Visual Studio Solution File, Format Version 12.00
# Visual Studio Version 17
VisualStudioVersion = 17.10.35122.118
MinimumVisualStudioVersion = 10.0.40219.1
Project("{FAE04EC0-301F-11D3-BF4B-00C04F79EFBC}") = "YandiParazi", "YandiParazi\YandiParazi.csproj", "{AE5E3A6F-8826-48A0-B9B4-A4CF77DCE20F}"
EndProject
Project("{FAE04EC0-301F-11D3-BF4B-00C04F79EFBC}") = "Benchmarking", "Benchmarking\Benchmarking.csproj", "{587B315B-EF84-402B-88ED-33A336DC39A4}"
EndProject
Project("{FAE04EC0-301F-11D3-BF4B-00C04F79EFBC}") = "Test", "Test\Test.csproj", "{0E1BC9AB-BC0B-4E6C-97BB-C23B13C39141}"
EndProject
Global
	GlobalSection(SolutionConfigurationPlatforms) = preSolution
		Debug|Any CPU = Debug|Any CPU
		Release|Any CPU = Release|Any CPU
	EndGlobalSection
	GlobalSection(ProjectConfigurationPlatforms) = postSolution
		{AE5E3A6F-8826-48A0-B9B4-A4CF77DCE20F}.Debug|Any CPU.ActiveCfg = Debug|Any CPU
		{AE5E3A6F-8826-48A0-B9B4-A4CF77DCE20F}.Debug|Any CPU.Build.0 = Debug|Any CPU
		{AE5E3A6F-8826-48A0-B9B4-A4CF77DCE20F}.Release|Any CPU.ActiveCfg = Release|Any CPU
		{AE5E3A6F-8826-48A0-B9B4-A4CF77DCE20F}.Release|Any CPU.Build.0 = Release|Any CPU
		{587B315B-EF84-402B-88ED-33A336DC39A4}.Debug|Any CPU.ActiveCfg = Debug|Any CPU
		{587B315B-EF84-402B-88ED-33A336DC39A4}.Debug|Any CPU.Build.0 = Debug|Any CPU
		{587B315B-EF84-402B-88ED-33A336DC39A4}.Release|Any CPU.ActiveCfg = Release|Any CPU
		{587B315B-EF84-402B-88ED-33A336DC39A4}.Release|Any CPU.Build.0 = Release|Any CPU
		{0E1BC9AB-BC0B-4E6C-97BB-C23B13C39141}.Debug|Any CPU.ActiveCfg = Debug|Any CPU
		{0E1BC9AB-BC0B-4E6C-97BB-C23B13C39141}.Debug|Any CPU.Build.0 = Debug|Any CPU
		{0E1BC9AB-BC0B-4E6C-97BB-C23B13C39141}.Release|Any CPU.ActiveCfg = Release|Any CPU
		{0E1BC9AB-BC0B-4E6C-97BB-C23B13C39141}.Release|Any CPU.Build.0 = Release|Any CPU
	EndGlobalSection
	GlobalSection(SolutionProperties) = preSolution
		HideSolutionNode = FALSE
	EndGlobalSection
	GlobalSection(ExtensibilityGlobals) = postSolution
		SolutionGuid = {E7754817-2B5C-4C1E-B86D-EB73D38B3622}
	EndGlobalSection
EndGlobal
